<?xml version="1.0" encoding="UTF-8"?>
<CONFIG>
  <ProjectOptions>
    <Version Value="10"/>
    <PathDelim Value="\"/>
    <General>
      <MainUnit Value="0"/>
      <ResourceType Value="res"/>
      <UseXPManifest Value="True"/>
      <Icon Value="0"/>
    </General>
    <i18n>
      <EnableI18N LFM="False"/>
    </i18n>
    <BuildModes Count="1" Active="Default">
      <Item1 Name="Default" Default="True"/>
    </BuildModes>
    <PublishOptions>
      <Version Value="2"/>
      <IncludeFileFilter Value="*.(pas|pp|inc|lfm|ppr|lrs|lpi|lpk|sh|xml)"/>
      <ExcludeFileFilter Value="*.(bak|ppu|o|so);*~;backup"/>
    </PublishOptions>
    <RunParams>
      <local>
        <FormatVersion Value="1"/>
      </local>
    </RunParams>
    <RequiredPackages Count="2">
      <Item1>
        <PackageName Value="pl_cindy"/>
      </Item1>
      <Item2>
        <PackageName Value="LCL"/>
      </Item2>
    </RequiredPackages>
    <Units Count="3">
      <Unit0>
        <Filename Value="cyColorGridDemo.lpr"/>
        <IsPartOfProject Value="True"/>
        <UsageCount Value="20"/>
        <Loaded Value="True"/>
        <DefaultSyntaxHighlighter Value="Delphi"/>
      </Unit0>
      <Unit1>
        <Filename Value="formcyColorGrid.pas"/>
        <IsPartOfProject Value="True"/>
        <ComponentName Value="FrmCyColorGrid"/>
        <HasResources Value="True"/>
        <ResourceBaseClass Value="Form"/>
        <IsVisibleTab Value="True"/>
        <EditorIndex Value="1"/>
        <TopLine Value="55"/>
        <CursorPos X="2" Y="81"/>
        <UsageCount Value="20"/>
        <Loaded Value="True"/>
        <LoadedDesigner Value="True"/>
        <DefaultSyntaxHighlighter Value="Delphi"/>
      </Unit1>
      <Unit2>
        <Filename Value="..\..\..\..\typhon\components\pl_Cindy\source\cyGraphics.pas"/>
        <EditorIndex Value="2"/>
        <TopLine Value="37"/>
        <CursorPos X="11" Y="57"/>
        <UsageCount Value="10"/>
        <Loaded Value="True"/>
      </Unit2>
    </Units>
    <JumpHistory Count="7" HistoryIndex="6">
      <Position1>
        <Filename Value="formcyColorGrid.pas"/>
        <Caret Line="67" TopLine="48"/>
      </Position1>
      <Position2>
        <Filename Value="formcyColorGrid.pas"/>
        <Caret Line="85" Column="13" TopLine="65"/>
      </Position2>
      <Position3>
        <Filename Value="formcyColorGrid.pas"/>
        <Caret Line="86" Column="71" TopLine="65"/>
      </Position3>
      <Position4>
        <Filename Value="formcyColorGrid.pas"/>
        <Caret Line="85" Column="14" TopLine="65"/>
      </Position4>
      <Position5>
        <Filename Value="formcyColorGrid.pas"/>
        <Caret Line="86" Column="53" TopLine="66"/>
      </Position5>
      <Position6>
        <Filename Value="formcyColorGrid.pas"/>
        <Caret Line="43" Column="142" TopLine="19"/>
      </Position6>
      <Position7>
        <Filename Value="formcyColorGrid.pas"/>
        <Caret Line="80" Column="154" TopLine="56"/>
      </Position7>
    </JumpHistory>
  </ProjectOptions>
  <CompilerOptions>
    <Version Value="11"/>
    <PathDelim Value="\"/>
    <SearchPaths>
      <IncludeFiles Value="$(ProjOutDir)"/>
      <UnitOutputDirectory Value="..\xbin"/>
    </SearchPaths>
    <Parsing>
      <SyntaxOptions>
        <SyntaxMode Value="Delphi"/>
      </SyntaxOptions>
    </Parsing>
    <Linking>
      <Options>
        <Win32>
          <GraphicApplication Value="True"/>
        </Win32>
      </Options>
    </Linking>
  </CompilerOptions>
  <Debugging>
    <Exceptions Count="3">
      <Item1>
        <Name Value="EAbort"/>
      </Item1>
      <Item2>
        <Name Value="ECodetoolError"/>
      </Item2>
      <Item3>
        <Name Value="EFOpenError"/>
      </Item3>
    </Exceptions>
  </Debugging>
</CONFIG>
