<?xml version="1.0" encoding="UTF-8"?>
<CONFIG>
  <ProjectOptions>
    <Version Value="12"/>
    <PathDelim Value="\"/>
    <General>
      <Title Value="Ext_Shadow"/>
      <ResourceType Value="res"/>
      <UseXPManifest Value="True"/>
      <Icon Value="0"/>
    </General>
    <i18n>
      <EnableI18N LFM="False"/>
    </i18n>
    <BuildModes>
      <Item Name="default" Default="True"/>
    </BuildModes>
    <PublishOptions>
      <Version Value="2"/>
    </PublishOptions>
    <RunParams>
      <FormatVersion Value="2"/>
      <Modes>
        <Mode Name="default"/>
      </Modes>
    </RunParams>
    <RequiredPackages>
      <Item>
        <PackageName Value="pl_graphics32ext"/>
      </Item>
      <Item>
        <PackageName Value="pl_graphics32"/>
      </Item>
      <Item>
        <PackageName Value="LCL"/>
      </Item>
    </RequiredPackages>
    <Units>
      <Unit>
        <Filename Value="Ext_Shadow.lpr"/>
        <IsPartOfProject Value="True"/>
        <IsVisibleTab Value="True"/>
        <CursorPos X="9" Y="10"/>
        <UsageCount Value="20"/>
        <Loaded Value="True"/>
      </Unit>
      <Unit>
        <Filename Value="Ext_ShadowWin.pas"/>
        <IsPartOfProject Value="True"/>
        <ComponentName Value="Form1"/>
        <HasResources Value="True"/>
        <ResourceBaseClass Value="Form"/>
        <EditorIndex Value="1"/>
        <TopLine Value="16"/>
        <CursorPos X="30" Y="43"/>
        <UsageCount Value="20"/>
        <Loaded Value="True"/>
      </Unit>
      <Unit>
        <Filename Value="C:\typhon\components\pl_Graphics32EXT\source\XGR32_Effects.pas"/>
        <TopLine Value="45"/>
        <CursorPos X="14" Y="80"/>
        <UsageCount Value="10"/>
      </Unit>
      <Unit>
        <Filename Value="C:\typhon\components\pl_Graphics32EXT\source\XGR32_GraphUtils.pas"/>
        <CursorPos X="25" Y="12"/>
        <UsageCount Value="10"/>
      </Unit>
      <Unit>
        <Filename Value="..\..\..\..\typhon\components\pl_Graphics32EXT\source\XGR32_BitmapEx.pas"/>
        <UsageCount Value="10"/>
      </Unit>
      <Unit>
        <Filename Value="..\..\..\..\typhon\components\pl_Graphics32EXT\source\XGR32_Emboss.pas"/>
        <UsageCount Value="10"/>
      </Unit>
      <Unit>
        <Filename Value="..\..\..\..\typhon\components\pl_Graphics32EXT\source\XGR32_ExtLayers.pas"/>
        <CursorPos X="52" Y="22"/>
        <UsageCount Value="10"/>
      </Unit>
      <Unit>
        <Filename Value="..\..\..\..\typhon\components\pl_Graphics32\source\GR32.pas"/>
        <EditorIndex Value="-1"/>
        <TopLine Value="37"/>
        <CursorPos X="78" Y="24"/>
        <UsageCount Value="10"/>
      </Unit>
    </Units>
    <JumpHistory HistoryIndex="7">
      <Position>
        <Filename Value="Ext_ShadowWin.pas"/>
        <Caret Line="55" Column="20" TopLine="27"/>
      </Position>
      <Position>
        <Filename Value="Ext_ShadowWin.pas"/>
        <Caret Line="54" Column="40" TopLine="27"/>
      </Position>
      <Position>
        <Filename Value="Ext_ShadowWin.pas"/>
        <Caret Line="53" Column="40" TopLine="26"/>
      </Position>
      <Position>
        <Filename Value="Ext_ShadowWin.pas"/>
        <Caret Line="62" Column="36" TopLine="25"/>
      </Position>
      <Position>
        <Filename Value="Ext_ShadowWin.pas"/>
        <Caret Line="55" Column="14" TopLine="25"/>
      </Position>
      <Position>
        <Filename Value="Ext_ShadowWin.pas"/>
        <Caret Line="57" Column="16" TopLine="28"/>
      </Position>
      <Position>
        <Filename Value="Ext_ShadowWin.pas"/>
        <Caret Line="16" Column="52" TopLine="6"/>
      </Position>
      <Position>
        <Filename Value="Ext_ShadowWin.pas"/>
        <Caret Line="17" Column="54"/>
      </Position>
    </JumpHistory>
  </ProjectOptions>
  <CompilerOptions>
    <Version Value="11"/>
    <PathDelim Value="\"/>
    <SearchPaths>
      <IncludeFiles Value="$(ProjOutDir)"/>
      <UnitOutputDirectory Value="..\xbin"/>
    </SearchPaths>
    <Parsing>
      <SyntaxOptions>
        <SyntaxMode Value="Delphi"/>
      </SyntaxOptions>
    </Parsing>
    <Linking>
      <Debugging>
        <DebugInfoType Value="dsDwarf3"/>
      </Debugging>
      <Options>
        <Win32>
          <GraphicApplication Value="True"/>
        </Win32>
      </Options>
    </Linking>
  </CompilerOptions>
  <Debugging>
    <Exceptions>
      <Item>
        <Name Value="EAbort"/>
      </Item>
      <Item>
        <Name Value="ECodetoolError"/>
      </Item>
      <Item>
        <Name Value="EFOpenError"/>
      </Item>
    </Exceptions>
  </Debugging>
</CONFIG>
