<?xml version="1.0" encoding="UTF-8"?>
<CONFIG>
  <ProjectOptions>
    <Version Value="9"/>
    <PathDelim Value="\"/>
    <General>
      <MainUnit Value="0"/>
      <ResourceType Value="res"/>
      <UseXPManifest Value="True"/>
      <Icon Value="0"/>
      <ActiveWindowIndexAtStart Value="0"/>
    </General>
    <i18n>
      <EnableI18N LFM="False"/>
    </i18n>
    <VersionInfo>
      <StringTable ProductVersion=""/>
    </VersionInfo>
    <BuildModes Count="1" Active="Default">
      <Item1 Name="Default" Default="True"/>
    </BuildModes>
    <PublishOptions>
      <Version Value="2"/>
      <IncludeFileFilter Value="*.(pas|pp|inc|lfm|ppr|lrs|lpi|lpk|sh|xml)"/>
      <ExcludeFileFilter Value="*.(bak|ppu|o|so);*~;backup"/>
    </PublishOptions>
    <RunParams>
      <local>
        <FormatVersion Value="1"/>
      </local>
    </RunParams>
    <RequiredPackages Count="3">
      <Item1>
        <PackageName Value="pl_graphics32vpr"/>
      </Item1>
      <Item2>
        <PackageName Value="pl_graphics32"/>
      </Item2>
      <Item3>
        <PackageName Value="LCL"/>
      </Item3>
    </RequiredPackages>
    <Units Count="19">
      <Unit0>
        <Filename Value="VPR_Example.lpr"/>
        <IsPartOfProject Value="True"/>
        <EditorIndex Value="0"/>
        <WindowIndex Value="0"/>
        <TopLine Value="1"/>
        <CursorPos X="16" Y="11"/>
        <UsageCount Value="22"/>
        <Loaded Value="True"/>
        <DefaultSyntaxHighlighter Value="Delphi"/>
      </Unit0>
      <Unit1>
        <Filename Value="vpr_examplemw.pas"/>
        <IsPartOfProject Value="True"/>
        <ComponentName Value="Form1"/>
        <HasResources Value="True"/>
        <ResourceBaseClass Value="Form"/>
        <UnitName Value="vpr_examplemw"/>
        <IsVisibleTab Value="True"/>
        <EditorIndex Value="1"/>
        <WindowIndex Value="0"/>
        <TopLine Value="59"/>
        <CursorPos X="28" Y="67"/>
        <UsageCount Value="22"/>
        <Loaded Value="True"/>
        <LoadedDesigner Value="True"/>
        <DefaultSyntaxHighlighter Value="Delphi"/>
      </Unit1>
      <Unit2>
        <Filename Value="C:\typhon\components\pl_Graphics32VPR\source\GR32_Lines.pas"/>
        <UnitName Value="GR32_Lines"/>
        <WindowIndex Value="0"/>
        <TopLine Value="2181"/>
        <CursorPos X="11" Y="2204"/>
        <UsageCount Value="10"/>
        <DefaultSyntaxHighlighter Value="Delphi"/>
      </Unit2>
      <Unit3>
        <Filename Value="C:\typhon\components\pl_Graphics32VPR\source\GR32_Misc.pas"/>
        <UnitName Value="GR32_Misc"/>
        <WindowIndex Value="0"/>
        <TopLine Value="3436"/>
        <CursorPos X="11" Y="3459"/>
        <UsageCount Value="10"/>
        <DefaultSyntaxHighlighter Value="Delphi"/>
      </Unit3>
      <Unit4>
        <Filename Value="C:\typhon\components\pl_Graphics32VPR\source\GR32_Misc2.pas"/>
        <UnitName Value="GR32_Misc2"/>
        <WindowIndex Value="0"/>
        <TopLine Value="36"/>
        <CursorPos X="3" Y="37"/>
        <UsageCount Value="10"/>
        <DefaultSyntaxHighlighter Value="Delphi"/>
      </Unit4>
      <Unit5>
        <Filename Value="C:\typhon\components\pl_Graphics32VPR\source\GR32_Objects.pas"/>
        <UnitName Value="GR32_Objects"/>
        <WindowIndex Value="0"/>
        <TopLine Value="1121"/>
        <CursorPos X="4" Y="497"/>
        <UsageCount Value="10"/>
        <DefaultSyntaxHighlighter Value="Delphi"/>
      </Unit5>
      <Unit6>
        <Filename Value="C:\typhon\components\pl_Graphics32VPR\source\GR32_Text.pas"/>
        <UnitName Value="GR32_Text"/>
        <WindowIndex Value="0"/>
        <TopLine Value="2293"/>
        <CursorPos X="10" Y="2319"/>
        <UsageCount Value="10"/>
        <DefaultSyntaxHighlighter Value="Delphi"/>
      </Unit6>
      <Unit7>
        <Filename Value="C:\typhon\components\pl_Graphics32\Source\GR32i.inc"/>
        <WindowIndex Value="0"/>
        <TopLine Value="691"/>
        <CursorPos X="25" Y="714"/>
        <UsageCount Value="10"/>
        <DefaultSyntaxHighlighter Value="Delphi"/>
      </Unit7>
      <Unit8>
        <Filename Value="C:\typhon\lcl\graphics.pp"/>
        <UnitName Value="Graphics"/>
        <WindowIndex Value="0"/>
        <TopLine Value="1123"/>
        <CursorPos X="3" Y="984"/>
        <UsageCount Value="10"/>
      </Unit8>
      <Unit9>
        <Filename Value="C:\typhon\components\pl_Graphics32VPR\source\GR32_ObjStore.pas"/>
        <UnitName Value="GR32_ObjStore"/>
        <WindowIndex Value="0"/>
        <TopLine Value="112"/>
        <CursorPos X="10" Y="137"/>
        <UsageCount Value="10"/>
        <DefaultSyntaxHighlighter Value="Delphi"/>
      </Unit9>
      <Unit10>
        <Filename Value="C:\pp\rtl\objpas\typinfo.pp"/>
        <UnitName Value="typinfo"/>
        <WindowIndex Value="0"/>
        <TopLine Value="197"/>
        <CursorPos X="9" Y="220"/>
        <UsageCount Value="10"/>
      </Unit10>
      <Unit11>
        <Filename Value="C:\typhon\components\pl_Graphics32VPR\source\GR32_StackBlur.pas"/>
        <UnitName Value="GR32_StackBlur"/>
        <WindowIndex Value="0"/>
        <TopLine Value="8"/>
        <CursorPos X="3" Y="31"/>
        <UsageCount Value="10"/>
        <DefaultSyntaxHighlighter Value="Delphi"/>
      </Unit11>
      <Unit12>
        <Filename Value="C:\typhon\components\pl_Graphics32VPR\source\VGR32_Text.pas"/>
        <UnitName Value="VGR32_Text"/>
        <WindowIndex Value="0"/>
        <TopLine Value="90"/>
        <CursorPos X="63" Y="113"/>
        <UsageCount Value="10"/>
        <DefaultSyntaxHighlighter Value="Delphi"/>
      </Unit12>
      <Unit13>
        <Filename Value="..\..\..\..\typhon\components\pl_Graphics32\source\GR32_Image.pas"/>
        <UnitName Value="GR32_Image"/>
        <WindowIndex Value="0"/>
        <TopLine Value="1"/>
        <CursorPos X="6" Y="1"/>
        <UsageCount Value="10"/>
      </Unit13>
      <Unit14>
        <Filename Value="..\..\..\..\typhon\components\pl_Graphics32\source\GR32_MicroTiles.pas"/>
        <UnitName Value="GR32_MicroTiles"/>
        <WindowIndex Value="0"/>
        <TopLine Value="49"/>
        <CursorPos X="1" Y="1"/>
        <UsageCount Value="10"/>
      </Unit14>
      <Unit15>
        <Filename Value="..\..\..\..\typhon\components\pl_Graphics32\source\GR32_Image.pas"/>
        <UnitName Value="GR32_Image"/>
        <WindowIndex Value="0"/>
        <TopLine Value="43"/>
        <CursorPos X="1" Y="1"/>
        <UsageCount Value="10"/>
      </Unit15>
      <Unit16>
        <Filename Value="..\..\..\..\typhon\components\pl_Graphics32\source\GR32_Polygons.pas"/>
        <UnitName Value="GR32_Polygons"/>
        <WindowIndex Value="0"/>
        <TopLine Value="853"/>
        <CursorPos X="16" Y="870"/>
        <UsageCount Value="10"/>
      </Unit16>
      <Unit17>
        <Filename Value="..\..\..\..\typhon\components\pl_Graphics32\source\GR32_VectorUtils.pas"/>
        <UnitName Value="GR32_VectorUtils"/>
        <WindowIndex Value="0"/>
        <TopLine Value="104"/>
        <CursorPos X="20" Y="119"/>
        <UsageCount Value="10"/>
      </Unit17>
      <Unit18>
        <Filename Value="..\..\..\..\typhon\components\pl_Graphics32\source\GR32.pas"/>
        <UnitName Value="GR32"/>
        <WindowIndex Value="0"/>
        <TopLine Value="272"/>
        <CursorPos X="3" Y="299"/>
        <UsageCount Value="10"/>
      </Unit18>
    </Units>
    <JumpHistory Count="0" HistoryIndex="-1"/>
  </ProjectOptions>
  <CompilerOptions>
    <Version Value="11"/>
    <PathDelim Value="\"/>
    <SearchPaths>
      <IncludeFiles Value="$(ProjOutDir)"/>
      <UnitOutputDirectory Value="..\xbin"/>
    </SearchPaths>
    <Parsing>
      <SyntaxOptions>
        <SyntaxMode Value="Delphi"/>
      </SyntaxOptions>
    </Parsing>
    <Linking>
      <Options>
        <Win32>
          <GraphicApplication Value="True"/>
        </Win32>
      </Options>
    </Linking>
    <Other>
      <CompilerMessages>
        <UseMsgFile Value="True"/>
      </CompilerMessages>
      <CompilerPath Value="$(CompPath)"/>
    </Other>
  </CompilerOptions>
  <Debugging>
    <Exceptions Count="3">
      <Item1>
        <Name Value="EAbort"/>
      </Item1>
      <Item2>
        <Name Value="ECodetoolError"/>
      </Item2>
      <Item3>
        <Name Value="EFOpenError"/>
      </Item3>
    </Exceptions>
  </Debugging>
  <EditorMacros Count="0"/>
</CONFIG>
