<?xml version="1.0" encoding="UTF-8"?>
<CONFIG>
  <ProjectOptions>
    <Version Value="12"/>
    <PathDelim Value="\"/>
    <General>
      <Flags>
        <CompatibilityMode Value="True"/>
      </Flags>
      <ResourceType Value="res"/>
      <UseXPManifest Value="True"/>
      <Icon Value="0"/>
    </General>
    <i18n>
      <EnableI18N LFM="False"/>
    </i18n>
    <BuildModes Count="1" Active="Default">
      <Item1 Name="Default" Default="True"/>
    </BuildModes>
    <PublishOptions>
      <Version Value="2"/>
    </PublishOptions>
    <RunParams>
      <local>
        <LaunchingApplication PathPlusParams="\usr\bin\xterm -T &apos;Typhon Run Output&apos; -e $(TyphonDir)\tools\runwait.sh $(TargetCmdLine)"/>
      </local>
      <FormatVersion Value="2"/>
      <Modes Count="1">
        <Mode0 Name="default">
          <local>
            <LaunchingApplication PathPlusParams="\usr\bin\xterm -T &apos;Typhon Run Output&apos; -e $(TyphonDir)\tools\runwait.sh $(TargetCmdLine)"/>
          </local>
        </Mode0>
      </Modes>
    </RunParams>
    <RequiredPackages Count="3">
      <Item1>
        <PackageName Value="LCLBase"/>
        <MinVersion Valid="True"/>
      </Item1>
      <Item2>
        <PackageName Value="pl_cindy"/>
      </Item2>
      <Item3>
        <PackageName Value="LCL"/>
      </Item3>
    </RequiredPackages>
    <Units Count="6">
      <Unit0>
        <Filename Value="cyAdvLedDemo.lpr"/>
        <IsPartOfProject Value="True"/>
        <IsVisibleTab Value="True"/>
        <UsageCount Value="21"/>
        <Loaded Value="True"/>
      </Unit0>
      <Unit1>
        <Filename Value="formcyAdvLed.pas"/>
        <IsPartOfProject Value="True"/>
        <ComponentName Value="FrmCyAdvLed"/>
        <HasResources Value="True"/>
        <ResourceBaseClass Value="Form"/>
        <EditorIndex Value="1"/>
        <CursorPos X="44" Y="93"/>
        <UsageCount Value="21"/>
        <Loaded Value="True"/>
      </Unit1>
      <Unit2>
        <Filename Value="..\..\..\..\typhon\components\pl_Cindy\source\cyDBEdit.pas"/>
        <EditorIndex Value="-1"/>
        <TopLine Value="46"/>
        <CursorPos X="6" Y="49"/>
        <UsageCount Value="10"/>
      </Unit2>
      <Unit3>
        <Filename Value="..\..\..\..\fpcsrc\packages\fcl-db\src\base\db.pas"/>
        <EditorIndex Value="-1"/>
        <TopLine Value="80"/>
        <CursorPos X="50" Y="106"/>
        <UsageCount Value="10"/>
      </Unit3>
      <Unit4>
        <Filename Value="..\..\..\..\typhon\components\pl_Cindy\source\cyDBHotLabel.pas"/>
        <EditorIndex Value="-1"/>
        <TopLine Value="21"/>
        <CursorPos X="42" Y="49"/>
        <UsageCount Value="10"/>
      </Unit4>
      <Unit5>
        <Filename Value="..\..\..\..\typhon\components\pl_Cindy\source\cyDBLed.pas"/>
        <EditorIndex Value="-1"/>
        <TopLine Value="195"/>
        <CursorPos X="9" Y="218"/>
        <UsageCount Value="10"/>
      </Unit5>
    </Units>
    <JumpHistory Count="6" HistoryIndex="5">
      <Position1>
        <Filename Value="formcyAdvLed.pas"/>
        <Caret Line="85" Column="44" TopLine="47"/>
      </Position1>
      <Position2>
        <Filename Value="formcyAdvLed.pas"/>
        <Caret Line="89" Column="44" TopLine="51"/>
      </Position2>
      <Position3>
        <Filename Value="formcyAdvLed.pas"/>
        <Caret Line="90" Column="44" TopLine="52"/>
      </Position3>
      <Position4>
        <Filename Value="formcyAdvLed.pas"/>
        <Caret Line="91" Column="44" TopLine="53"/>
      </Position4>
      <Position5>
        <Filename Value="formcyAdvLed.pas"/>
        <Caret Line="92" Column="44" TopLine="54"/>
      </Position5>
      <Position6>
        <Filename Value="formcyAdvLed.pas"/>
        <Caret Line="93" Column="44"/>
      </Position6>
    </JumpHistory>
  </ProjectOptions>
  <CompilerOptions>
    <Version Value="11"/>
    <PathDelim Value="\"/>
    <SearchPaths>
      <IncludeFiles Value="$(ProjOutDir)"/>
      <UnitOutputDirectory Value="..\xbin"/>
    </SearchPaths>
    <Parsing>
      <SyntaxOptions>
        <SyntaxMode Value="Delphi"/>
      </SyntaxOptions>
    </Parsing>
    <Linking>
      <Debugging>
        <DebugInfoType Value="dsDwarf3"/>
      </Debugging>
      <Options>
        <Win32>
          <GraphicApplication Value="True"/>
        </Win32>
      </Options>
    </Linking>
  </CompilerOptions>
  <Debugging>
    <Exceptions Count="3">
      <Item1>
        <Name Value="EAbort"/>
      </Item1>
      <Item2>
        <Name Value="ECodetoolError"/>
      </Item2>
      <Item3>
        <Name Value="EFOpenError"/>
      </Item3>
    </Exceptions>
  </Debugging>
</CONFIG>
